
Microsoft Visual Studio Solution File, Format Version 12.00
# Visual Studio Version 16
VisualStudioVersion = 16.0.29215.179
MinimumVisualStudioVersion = 10.0.40219.1
Project("{FAE04EC0-301F-11D3-BF4B-00C04F79EFBC}") = "Exercise6-CalculateSumOfNumbers", "Exercise6-CalculateSumOfNumbers.csproj", "{9E5D6DF5-478C-48C6-8409-ADA5981BF2EB}"
EndProject
Global
	GlobalSection(SolutionConfigurationPlatforms) = preSolution
		Debug|Any CPU = Debug|Any CPU
		Release|Any CPU = Release|Any CPU
	EndGlobalSection
	GlobalSection(ProjectConfigurationPlatforms) = postSolution
		{9E5D6DF5-478C-48C6-8409-ADA5981BF2EB}.Debug|Any CPU.ActiveCfg = Debug|Any CPU
		{9E5D6DF5-478C-48C6-8409-ADA5981BF2EB}.Debug|Any CPU.Build.0 = Debug|Any CPU
		{9E5D6DF5-478C-48C6-8409-ADA5981BF2EB}.Release|Any CPU.ActiveCfg = Release|Any CPU
		{9E5D6DF5-478C-48C6-8409-ADA5981BF2EB}.Release|Any CPU.Build.0 = Release|Any CPU
	EndGlobalSection
	GlobalSection(SolutionProperties) = preSolution
		HideSolutionNode = FALSE
	EndGlobalSection
	GlobalSection(ExtensibilityGlobals) = postSolution
		SolutionGuid = {83442BCA-15FA-44D6-B9BB-E1952CB59481}
	EndGlobalSection
EndGlobal
