
Microsoft Visual Studio Solution File, Format Version 12.00
# Visual Studio Version 16
VisualStudioVersion = 16.0.29215.179
MinimumVisualStudioVersion = 10.0.40219.1
Project("{FAE04EC0-301F-11D3-BF4B-00C04F79EFBC}") = "Exercise17-ValidTimeCheck", "Exercise17-ValidTimeCheck.csproj", "{D3C23DFA-F9CC-44DB-A018-BD74CF0D88BD}"
EndProject
Global
	GlobalSection(SolutionConfigurationPlatforms) = preSolution
		Debug|Any CPU = Debug|Any CPU
		Release|Any CPU = Release|Any CPU
	EndGlobalSection
	GlobalSection(ProjectConfigurationPlatforms) = postSolution
		{D3C23DFA-F9CC-44DB-A018-BD74CF0D88BD}.Debug|Any CPU.ActiveCfg = Debug|Any CPU
		{D3C23DFA-F9CC-44DB-A018-BD74CF0D88BD}.Debug|Any CPU.Build.0 = Debug|Any CPU
		{D3C23DFA-F9CC-44DB-A018-BD74CF0D88BD}.Release|Any CPU.ActiveCfg = Release|Any CPU
		{D3C23DFA-F9CC-44DB-A018-BD74CF0D88BD}.Release|Any CPU.Build.0 = Release|Any CPU
	EndGlobalSection
	GlobalSection(SolutionProperties) = preSolution
		HideSolutionNode = FALSE
	EndGlobalSection
	GlobalSection(ExtensibilityGlobals) = postSolution
		SolutionGuid = {6CAD92EB-923D-4D8A-8C4C-BDBF1EF20ECD}
	EndGlobalSection
EndGlobal
