
Microsoft Visual Studio Solution File, Format Version 12.00
# Visual Studio Version 16
VisualStudioVersion = 16.0.29215.179
MinimumVisualStudioVersion = 10.0.40219.1
Project("{FAE04EC0-301F-11D3-BF4B-00C04F79EFBC}") = "Exercise10-FacebookLikes", "Exercise10-FacebookLikes.csproj", "{9757DA12-042F-47D2-BDDB-C53EC021550D}"
EndProject
Global
	GlobalSection(SolutionConfigurationPlatforms) = preSolution
		Debug|Any CPU = Debug|Any CPU
		Release|Any CPU = Release|Any CPU
	EndGlobalSection
	GlobalSection(ProjectConfigurationPlatforms) = postSolution
		{9757DA12-042F-47D2-BDDB-C53EC021550D}.Debug|Any CPU.ActiveCfg = Debug|Any CPU
		{9757DA12-042F-47D2-BDDB-C53EC021550D}.Debug|Any CPU.Build.0 = Debug|Any CPU
		{9757DA12-042F-47D2-BDDB-C53EC021550D}.Release|Any CPU.ActiveCfg = Release|Any CPU
		{9757DA12-042F-47D2-BDDB-C53EC021550D}.Release|Any CPU.Build.0 = Release|Any CPU
	EndGlobalSection
	GlobalSection(SolutionProperties) = preSolution
		HideSolutionNode = FALSE
	EndGlobalSection
	GlobalSection(ExtensibilityGlobals) = postSolution
		SolutionGuid = {B952B70C-DCD4-44BD-A196-9ECA026BC3D0}
	EndGlobalSection
EndGlobal
