
Microsoft Visual Studio Solution File, Format Version 12.00
# Visual Studio Version 16
VisualStudioVersion = 16.0.29215.179
MinimumVisualStudioVersion = 10.0.40219.1
Project("{FAE04EC0-301F-11D3-BF4B-00C04F79EFBC}") = "Exercise5-CountNumbersDivisibleBy3", "Exercise5-CountNumbersDivisibleBy3.csproj", "{DBE446EE-3E42-4BF8-BC3C-597B2A2BC6B7}"
EndProject
Global
	GlobalSection(SolutionConfigurationPlatforms) = preSolution
		Debug|Any CPU = Debug|Any CPU
		Release|Any CPU = Release|Any CPU
	EndGlobalSection
	GlobalSection(ProjectConfigurationPlatforms) = postSolution
		{DBE446EE-3E42-4BF8-BC3C-597B2A2BC6B7}.Debug|Any CPU.ActiveCfg = Debug|Any CPU
		{DBE446EE-3E42-4BF8-BC3C-597B2A2BC6B7}.Debug|Any CPU.Build.0 = Debug|Any CPU
		{DBE446EE-3E42-4BF8-BC3C-597B2A2BC6B7}.Release|Any CPU.ActiveCfg = Release|Any CPU
		{DBE446EE-3E42-4BF8-BC3C-597B2A2BC6B7}.Release|Any CPU.Build.0 = Release|Any CPU
	EndGlobalSection
	GlobalSection(SolutionProperties) = preSolution
		HideSolutionNode = FALSE
	EndGlobalSection
	GlobalSection(ExtensibilityGlobals) = postSolution
		SolutionGuid = {4D8A393B-2DC7-493B-95A4-D42D0F43CCCD}
	EndGlobalSection
EndGlobal
